
Microsoft Visual Studio Solution File, Format Version 12.00
# Visual Studio Version 16
VisualStudioVersion = 16.0.30523.141
MinimumVisualStudioVersion = 10.0.40219.1
Project("{FAE04EC0-301F-11D3-BF4B-00C04F79EFBC}") = "PublicChat", "PublicChat\PublicChat.csproj", "{9C7E0E31-0A19-4CA9-9D8B-3711C42AC2B3}"
EndProject
Global
	GlobalSection(SolutionConfigurationPlatforms) = preSolution
		Debug|Any CPU = Debug|Any CPU
		Release|Any CPU = Release|Any CPU
	EndGlobalSection
	GlobalSection(ProjectConfigurationPlatforms) = postSolution
		{9C7E0E31-0A19-4CA9-9D8B-3711C42AC2B3}.Debug|Any CPU.ActiveCfg = Debug|Any CPU
		{9C7E0E31-0A19-4CA9-9D8B-3711C42AC2B3}.Debug|Any CPU.Build.0 = Debug|Any CPU
		{9C7E0E31-0A19-4CA9-9D8B-3711C42AC2B3}.Release|Any CPU.ActiveCfg = Release|Any CPU
		{9C7E0E31-0A19-4CA9-9D8B-3711C42AC2B3}.Release|Any CPU.Build.0 = Release|Any CPU
	EndGlobalSection
	GlobalSection(SolutionProperties) = preSolution
		HideSolutionNode = FALSE
	EndGlobalSection
	GlobalSection(ExtensibilityGlobals) = postSolution
		SolutionGuid = {2FD42D20-BAA5-4C0F-91E6-A29785AA40D2}
	EndGlobalSection
EndGlobal
